
Microsoft Visual Studio Solution File, Format Version 12.00
# Visual Studio 14
VisualStudioVersion = 14.0.24720.0
MinimumVisualStudioVersion = 10.0.40219.1
Project("{FAE04EC0-301F-11D3-BF4B-00C04F79EFBC}") = "CreditCardPayment", "CreditCardPayment\CreditCardPayment.csproj", "{11423632-1A16-48F5-B50C-CA4C5C616AFF}"
EndProject
Project("{2150E333-8FDC-42A3-9474-1A3956D46DE8}") = "Solution Items", "Solution Items", "{CEFE3AD4-6E12-4960-87BC-B01FDCB0034D}"
	ProjectSection(SolutionItems) = preProject
		Initiatepayment.cs = Initiatepayment.cs
	EndProjectSection
EndProject
Project("{FAE04EC0-301F-11D3-BF4B-00C04F79EFBC}") = "initiatePaymentApplication", "initiatePaymentApplication\initiatePaymentApplication.csproj", "{E969726A-78BB-48F4-9D80-F97227C3930D}"
EndProject
Global
	GlobalSection(SolutionConfigurationPlatforms) = preSolution
		Debug|Any CPU = Debug|Any CPU
		Release|Any CPU = Release|Any CPU
	EndGlobalSection
	GlobalSection(ProjectConfigurationPlatforms) = postSolution
		{11423632-1A16-48F5-B50C-CA4C5C616AFF}.Debug|Any CPU.ActiveCfg = Debug|Any CPU
		{11423632-1A16-48F5-B50C-CA4C5C616AFF}.Debug|Any CPU.Build.0 = Debug|Any CPU
		{11423632-1A16-48F5-B50C-CA4C5C616AFF}.Release|Any CPU.ActiveCfg = Release|Any CPU
		{11423632-1A16-48F5-B50C-CA4C5C616AFF}.Release|Any CPU.Build.0 = Release|Any CPU
		{E969726A-78BB-48F4-9D80-F97227C3930D}.Debug|Any CPU.ActiveCfg = Debug|Any CPU
		{E969726A-78BB-48F4-9D80-F97227C3930D}.Debug|Any CPU.Build.0 = Debug|Any CPU
		{E969726A-78BB-48F4-9D80-F97227C3930D}.Release|Any CPU.ActiveCfg = Release|Any CPU
		{E969726A-78BB-48F4-9D80-F97227C3930D}.Release|Any CPU.Build.0 = Release|Any CPU
	EndGlobalSection
	GlobalSection(SolutionProperties) = preSolution
		HideSolutionNode = FALSE
	EndGlobalSection
EndGlobal
